// !$*UTF8*$!
{
	archiveVersion = 1;
	classes = {
	};
	objectVersion = 56;
	objects = {

/* Begin PBXBuildFile section */
		3833B1812A9E9D9C00CA8BD8 /* main.cpp in Sources */ = {isa = PBXBuildFile; fileRef = 3833B1802A9E9D9C00CA8BD8 /* main.cpp */; };
		3833B1842A9E9E6600CA8BD8 /* Sobrecarga.cpp in Sources */ = {isa = PBXBuildFile; fileRef = 3833B1822A9E9E6600CA8BD8 /* Sobrecarga.cpp */; };
/* End PBXBuildFile section */

/* Begin PBXCopyFilesBuildPhase section */
		3833B1722A9E9CC300CA8BD8 /* CopyFiles */ = {
			isa = PBXCopyFilesBuildPhase;
			buildActionMask = 2147483647;
			dstPath = /usr/share/man/man1/;
			dstSubfolderSpec = 0;
			files = (
			);
			runOnlyForDeploymentPostprocessing = 1;
		};
/* End PBXCopyFilesBuildPhase section */

/* Begin PBXFileReference section */
		3833B1742A9E9CC300CA8BD8 /* Fuentes_Biblioteca_Estatica_20221 */ = {isa = PBXFileReference; explicitFileType = "compiled.mach-o.executable"; includeInIndex = 0; path = Fuentes_Biblioteca_Estatica_20221; sourceTree = BUILT_PRODUCTS_DIR; };
		3833B17E2A9E9D7B00CA8BD8 /* AperturaDeArchivos.h */ = {isa = PBXFileReference; fileEncoding = 4; lastKnownFileType = sourcecode.c.h; path = AperturaDeArchivos.h; sourceTree = "<group>"; };
		3833B17F2A9E9D7B00CA8BD8 /* Estructuras.h */ = {isa = PBXFileReference; fileEncoding = 4; lastKnownFileType = sourcecode.c.h; path = Estructuras.h; sourceTree = "<group>"; };
		3833B1802A9E9D9C00CA8BD8 /* main.cpp */ = {isa = PBXFileReference; fileEncoding = 4; lastKnownFileType = sourcecode.cpp.cpp; path = main.cpp; sourceTree = "<group>"; };
		3833B1822A9E9E6600CA8BD8 /* Sobrecarga.cpp */ = {isa = PBXFileReference; lastKnownFileType = sourcecode.cpp.cpp; path = Sobrecarga.cpp; sourceTree = "<group>"; };
		3833B1832A9E9E6600CA8BD8 /* Sobrecarga.hpp */ = {isa = PBXFileReference; lastKnownFileType = sourcecode.cpp.h; path = Sobrecarga.hpp; sourceTree = "<group>"; };
/* End PBXFileReference section */

/* Begin PBXFrameworksBuildPhase section */
		3833B1712A9E9CC300CA8BD8 /* Frameworks */ = {
			isa = PBXFrameworksBuildPhase;
			buildActionMask = 2147483647;
			files = (
			);
			runOnlyForDeploymentPostprocessing = 0;
		};
/* End PBXFrameworksBuildPhase section */

/* Begin PBXGroup section */
		3833B16B2A9E9CC300CA8BD8 = {
			isa = PBXGroup;
			children = (
				3833B1822A9E9E6600CA8BD8 /* Sobrecarga.cpp */,
				3833B1832A9E9E6600CA8BD8 /* Sobrecarga.hpp */,
				3833B1802A9E9D9C00CA8BD8 /* main.cpp */,
				3833B17E2A9E9D7B00CA8BD8 /* AperturaDeArchivos.h */,
				3833B17F2A9E9D7B00CA8BD8 /* Estructuras.h */,
				3833B1752A9E9CC300CA8BD8 /* Products */,
			);
			sourceTree = "<group>";
		};
		3833B1752A9E9CC300CA8BD8 /* Products */ = {
			isa = PBXGroup;
			children = (
				3833B1742A9E9CC300CA8BD8 /* Fuentes_Biblioteca_Estatica_20221 */,
			);
			name = Products;
			sourceTree = "<group>";
		};
/* End PBXGroup section */

/* Begin PBXNativeTarget section */
		3833B1732A9E9CC300CA8BD8 /* Fuentes_Biblioteca_Estatica_20221 */ = {
			isa = PBXNativeTarget;
			buildConfigurationList = 3833B17B2A9E9CC300CA8BD8 /* Build configuration list for PBXNativeTarget "Fuentes_Biblioteca_Estatica_20221" */;
			buildPhases = (
				3833B1702A9E9CC300CA8BD8 /* Sources */,
				3833B1712A9E9CC300CA8BD8 /* Frameworks */,
				3833B1722A9E9CC300CA8BD8 /* CopyFiles */,
			);
			buildRules = (
			);
			dependencies = (
			);
			name = Fuentes_Biblioteca_Estatica_20221;
			productName = Fuentes_Biblioteca_Estatica_20221;
			productReference = 3833B1742A9E9CC300CA8BD8 /* Fuentes_Biblioteca_Estatica_20221 */;
			productType = "com.apple.product-type.tool";
		};
/* End PBXNativeTarget section */

/* Begin PBXProject section */
		3833B16C2A9E9CC300CA8BD8 /* Project object */ = {
			isa = PBXProject;
			attributes = {
				BuildIndependentTargetsInParallel = 1;
				LastUpgradeCheck = 1420;
				TargetAttributes = {
					3833B1732A9E9CC300CA8BD8 = {
						CreatedOnToolsVersion = 14.2;
					};
				};
			};
			buildConfigurationList = 3833B16F2A9E9CC300CA8BD8 /* Build configuration list for PBXProject "Fuentes_Biblioteca_Estatica_20221" */;
			compatibilityVersion = "Xcode 14.0";
			developmentRegion = en;
			hasScannedForEncodings = 0;
			knownRegions = (
				en,
				Base,
			);
			mainGroup = 3833B16B2A9E9CC300CA8BD8;
			productRefGroup = 3833B1752A9E9CC300CA8BD8 /* Products */;
			projectDirPath = "";
			projectRoot = "";
			targets = (
				3833B1732A9E9CC300CA8BD8 /* Fuentes_Biblioteca_Estatica_20221 */,
			);
		};
/* End PBXProject section */

/* Begin PBXSourcesBuildPhase section */
		3833B1702A9E9CC300CA8BD8 /* Sources */ = {
			isa = PBXSourcesBuildPhase;
			buildActionMask = 2147483647;
			files = (
				3833B1842A9E9E6600CA8BD8 /* Sobrecarga.cpp in Sources */,
				3833B1812A9E9D9C00CA8BD8 /* main.cpp in Sources */,
			);
			runOnlyForDeploymentPostprocessing = 0;
		};
/* End PBXSourcesBuildPhase section */

/* Begin XCBuildConfiguration section */
		3833B1792A9E9CC300CA8BD8 /* Debug */ = {
			isa = XCBuildConfiguration;
			buildSettings = {
				ALWAYS_SEARCH_USER_PATHS = NO;
				CLANG_ANALYZER_NONNULL = YES;
				CLANG_ANALYZER_NUMBER_OBJECT_CONVERSION = YES_AGGRESSIVE;
				CLANG_CXX_LANGUAGE_STANDARD = "gnu++20";
				CLANG_ENABLE_MODULES = YES;
				CLANG_ENABLE_OBJC_ARC = YES;
				CLANG_ENABLE_OBJC_WEAK = YES;
				CLANG_WARN_BLOCK_CAPTURE_AUTORELEASING = YES;
				CLANG_WARN_BOOL_CONVERSION = YES;
				CLANG_WARN_COMMA = YES;
				CLANG_WARN_CONSTANT_CONVERSION = YES;
				CLANG_WARN_DEPRECATED_OBJC_IMPLEMENTATIONS = YES;
				CLANG_WARN_DIRECT_OBJC_ISA_USAGE = YES_ERROR;
				CLANG_WARN_DOCUMENTATION_COMMENTS = YES;
				CLANG_WARN_EMPTY_BODY = YES;
				CLANG_WARN_ENUM_CONVERSION = YES;
				CLANG_WARN_INFINITE_RECURSION = YES;
				CLANG_WARN_INT_CONVERSION = YES;
				CLANG_WARN_NON_LITERAL_NULL_CONVERSION = YES;
				CLANG_WARN_OBJC_IMPLICIT_RETAIN_SELF = YES;
				CLANG_WARN_OBJC_LITERAL_CONVERSION = YES;
				CLANG_WARN_OBJC_ROOT_CLASS = YES_ERROR;
				CLANG_WARN_QUOTED_INCLUDE_IN_FRAMEWORK_HEADER = YES;
				CLANG_WARN_RANGE_LOOP_ANALYSIS = YES;
				CLANG_WARN_STRICT_PROTOTYPES = YES;
				CLANG_WARN_SUSPICIOUS_MOVE = YES;
				CLANG_WARN_UNGUARDED_AVAILABILITY = YES_AGGRESSIVE;
				CLANG_WARN_UNREACHABLE_CODE = YES;
				CLANG_WARN__DUPLICATE_METHOD_MATCH = YES;
				COPY_PHASE_STRIP = NO;
				DEBUG_INFORMATION_FORMAT = dwarf;
				ENABLE_STRICT_OBJC_MSGSEND = YES;
				ENABLE_TESTABILITY = YES;
				GCC_C_LANGUAGE_STANDARD = gnu11;
				GCC_DYNAMIC_NO_PIC = NO;
				GCC_NO_COMMON_BLOCKS = YES;
				GCC_OPTIMIZATION_LEVEL = 0;
				GCC_PREPROCESSOR_DEFINITIONS = (
					"DEBUG=1",
					"$(inherited)",
				);
				GCC_WARN_64_TO_32_BIT_CONVERSION = YES;
				GCC_WARN_ABOUT_RETURN_TYPE = YES_ERROR;
				GCC_WARN_UNDECLARED_SELECTOR = YES;
				GCC_WARN_UNINITIALIZED_AUTOS = YES_AGGRESSIVE;
				GCC_WARN_UNUSED_FUNCTION = YES;
				GCC_WARN_UNUSED_VARIABLE = YES;
				MACOSX_DEPLOYMENT_TARGET = 12.6;
				MTL_ENABLE_DEBUG_INFO = INCLUDE_SOURCE;
				MTL_FAST_MATH = YES;
				ONLY_ACTIVE_ARCH = YES;
				SDKROOT = macosx;
			};
			name = Debug;
		};
		3833B17A2A9E9CC300CA8BD8 /* Release */ = {
			isa = XCBuildConfiguration;
			buildSettings = {
				ALWAYS_SEARCH_USER_PATHS = NO;
				CLANG_ANALYZER_NONNULL = YES;
				CLANG_ANALYZER_NUMBER_OBJECT_CONVERSION = YES_AGGRESSIVE;
				CLANG_CXX_LANGUAGE_STANDARD = "gnu++20";
				CLANG_ENABLE_MODULES = YES;
				CLANG_ENABLE_OBJC_ARC = YES;
				CLANG_ENABLE_OBJC_WEAK = YES;
				CLANG_WARN_BLOCK_CAPTURE_AUTORELEASING = YES;
				CLANG_WARN_BOOL_CONVERSION = YES;
				CLANG_WARN_COMMA = YES;
				CLANG_WARN_CONSTANT_CONVERSION = YES;
				CLANG_WARN_DEPRECATED_OBJC_IMPLEMENTATIONS = YES;
				CLANG_WARN_DIRECT_OBJC_ISA_USAGE = YES_ERROR;
				CLANG_WARN_DOCUMENTATION_COMMENTS = YES;
				CLANG_WARN_EMPTY_BODY = YES;
				CLANG_WARN_ENUM_CONVERSION = YES;
				CLANG_WARN_INFINITE_RECURSION = YES;
				CLANG_WARN_INT_CONVERSION = YES;
				CLANG_WARN_NON_LITERAL_NULL_CONVERSION = YES;
				CLANG_WARN_OBJC_IMPLICIT_RETAIN_SELF = YES;
				CLANG_WARN_OBJC_LITERAL_CONVERSION = YES;
				CLANG_WARN_OBJC_ROOT_CLASS = YES_ERROR;
				CLANG_WARN_QUOTED_INCLUDE_IN_FRAMEWORK_HEADER = YES;
				CLANG_WARN_RANGE_LOOP_ANALYSIS = YES;
				CLANG_WARN_STRICT_PROTOTYPES = YES;
				CLANG_WARN_SUSPICIOUS_MOVE = YES;
				CLANG_WARN_UNGUARDED_AVAILABILITY = YES_AGGRESSIVE;
				CLANG_WARN_UNREACHABLE_CODE = YES;
				CLANG_WARN__DUPLICATE_METHOD_MATCH = YES;
				COPY_PHASE_STRIP = NO;
				DEBUG_INFORMATION_FORMAT = "dwarf-with-dsym";
				ENABLE_NS_ASSERTIONS = NO;
				ENABLE_STRICT_OBJC_MSGSEND = YES;
				GCC_C_LANGUAGE_STANDARD = gnu11;
				GCC_NO_COMMON_BLOCKS = YES;
				GCC_WARN_64_TO_32_BIT_CONVERSION = YES;
				GCC_WARN_ABOUT_RETURN_TYPE = YES_ERROR;
				GCC_WARN_UNDECLARED_SELECTOR = YES;
				GCC_WARN_UNINITIALIZED_AUTOS = YES_AGGRESSIVE;
				GCC_WARN_UNUSED_FUNCTION = YES;
				GCC_WARN_UNUSED_VARIABLE = YES;
				MACOSX_DEPLOYMENT_TARGET = 12.6;
				MTL_ENABLE_DEBUG_INFO = NO;
				MTL_FAST_MATH = YES;
				SDKROOT = macosx;
			};
			name = Release;
		};
		3833B17C2A9E9CC300CA8BD8 /* Debug */ = {
			isa = XCBuildConfiguration;
			buildSettings = {
				CODE_SIGN_STYLE = Automatic;
				PRODUCT_NAME = "$(TARGET_NAME)";
			};
			name = Debug;
		};
		3833B17D2A9E9CC300CA8BD8 /* Release */ = {
			isa = XCBuildConfiguration;
			buildSettings = {
				CODE_SIGN_STYLE = Automatic;
				PRODUCT_NAME = "$(TARGET_NAME)";
			};
			name = Release;
		};
/* End XCBuildConfiguration section */

/* Begin XCConfigurationList section */
		3833B16F2A9E9CC300CA8BD8 /* Build configuration list for PBXProject "Fuentes_Biblioteca_Estatica_20221" */ = {
			isa = XCConfigurationList;
			buildConfigurations = (
				3833B1792A9E9CC300CA8BD8 /* Debug */,
				3833B17A2A9E9CC300CA8BD8 /* Release */,
			);
			defaultConfigurationIsVisible = 0;
			defaultConfigurationName = Release;
		};
		3833B17B2A9E9CC300CA8BD8 /* Build configuration list for PBXNativeTarget "Fuentes_Biblioteca_Estatica_20221" */ = {
			isa = XCConfigurationList;
			buildConfigurations = (
				3833B17C2A9E9CC300CA8BD8 /* Debug */,
				3833B17D2A9E9CC300CA8BD8 /* Release */,
			);
			defaultConfigurationIsVisible = 0;
			defaultConfigurationName = Release;
		};
/* End XCConfigurationList section */
	};
	rootObject = 3833B16C2A9E9CC300CA8BD8 /* Project object */;
}
